<?xml version="1.0" encoding="utf-8"?>
<Project ToolsVersion="4.0" xmlns="http://schemas.microsoft.com/developer/msbuild/2003">
  <ItemGroup>
    <Filter Include="Common">
      <UniqueIdentifier>56d4439c-f5f2-4e5c-ba65-230e1c9db451</UniqueIdentifier>
    </Filter>
    <Filter Include="Assets">
      <UniqueIdentifier>05946830-cd2d-4e13-8cf6-765071db7104</UniqueIdentifier>
      <Extensions>ico;cur;bmp;dds;dlg;fbx;rct;bin;rgs;gif;jpg;jpeg;jpe;resx;tga;tiff;tif;png;wav;mfcribbon-ms</Extensions>
    </Filter>
    <Filter Include="Game">
      <UniqueIdentifier>{eb7f1b87-657e-49f6-a079-0b95c2819183}</UniqueIdentifier>
    </Filter>
  </ItemGroup>
  <ItemGroup>
    <ClInclude Include="pch.h" />
    <ClInclude Include="Game.h" />
    <ClInclude Include="StepTimer.h">
      <Filter>Common</Filter>
    </ClInclude>
    <ClInclude Include="DeviceResources.h">
      <Filter>Common</Filter>
    </ClInclude>
    <ClInclude Include="Game\DrawManager.h">
      <Filter>Game</Filter>
    </ClInclude>
    <ClInclude Include="Game\InputManager.h">
      <Filter>Game</Filter>
    </ClInclude>
    <ClInclude Include="Game\StartScene\StartScene.h">
      <Filter>Game</Filter>
    </ClInclude>
    <ClInclude Include="Game\TaskBase.h">
      <Filter>Game</Filter>
    </ClInclude>
    <ClInclude Include="Game\TaskManager.h">
      <Filter>Game</Filter>
    </ClInclude>
    <ClInclude Include="Game\TaskNode.h">
      <Filter>Game</Filter>
    </ClInclude>
    <ClInclude Include="Game\TaskNodeHandle.h">
      <Filter>Game</Filter>
    </ClInclude>
    <ClInclude Include="Game\TitleScene\TitleScene.h">
      <Filter>Game</Filter>
    </ClInclude>
    <ClInclude Include="Game\Utility\SingletonBase.h">
      <Filter>Game</Filter>
    </ClInclude>
  </ItemGroup>
  <ItemGroup>
    <ClCompile Include="pch.cpp" />
    <ClCompile Include="Game.cpp" />
    <ClCompile Include="Main.cpp" />
    <ClCompile Include="DeviceResources.cpp">
      <Filter>Common</Filter>
    </ClCompile>
    <ClCompile Include="Game\DrawManager.cpp">
      <Filter>Game</Filter>
    </ClCompile>
    <ClCompile Include="Game\InputManager.cpp">
      <Filter>Game</Filter>
    </ClCompile>
    <ClCompile Include="Game\StartScene\StartScene.cpp">
      <Filter>Game</Filter>
    </ClCompile>
    <ClCompile Include="Game\TaskBase.cpp">
      <Filter>Game</Filter>
    </ClCompile>
    <ClCompile Include="Game\TaskManager.cpp">
      <Filter>Game</Filter>
    </ClCompile>
    <ClCompile Include="Game\TaskNode.cpp">
      <Filter>Game</Filter>
    </ClCompile>
    <ClCompile Include="Game\TaskNodeHandle.cpp">
      <Filter>Game</Filter>
    </ClCompile>
    <ClCompile Include="Game\TitleScene\TitleScene.cpp">
      <Filter>Game</Filter>
    </ClCompile>
  </ItemGroup>
  <ItemGroup>
    <ResourceCompile Include="resource.rc" />
  </ItemGroup>
  <ItemGroup>
    <Image Include="directx.ico">
      <Filter>Assets</Filter>
    </Image>
  </ItemGroup>
  <ItemGroup>
    <Manifest Include="settings.manifest">
      <Filter>Assets</Filter>
    </Manifest>
  </ItemGroup>
</Project>